
Microsoft Visual Studio Solution File, Format Version 12.00
# Visual Studio 15
VisualStudioVersion = 15.0.26730.15
MinimumVisualStudioVersion = 10.0.40219.1
Project("{FAE04EC0-301F-11D3-BF4B-00C04F79EFBC}") = "PrettyGirlsTest", "PrettyGirlsTest\PrettyGirlsTest.csproj", "{CC83FF5B-2B51-4D32-8542-22DF6AE94752}"
EndProject
Global
	GlobalSection(SolutionConfigurationPlatforms) = preSolution
		Debug|Any CPU = Debug|Any CPU
		Release|Any CPU = Release|Any CPU
	EndGlobalSection
	GlobalSection(ProjectConfigurationPlatforms) = postSolution
		{CC83FF5B-2B51-4D32-8542-22DF6AE94752}.Debug|Any CPU.ActiveCfg = Debug|Any CPU
		{CC83FF5B-2B51-4D32-8542-22DF6AE94752}.Debug|Any CPU.Build.0 = Debug|Any CPU
		{CC83FF5B-2B51-4D32-8542-22DF6AE94752}.Release|Any CPU.ActiveCfg = Release|Any CPU
		{CC83FF5B-2B51-4D32-8542-22DF6AE94752}.Release|Any CPU.Build.0 = Release|Any CPU
	EndGlobalSection
	GlobalSection(SolutionProperties) = preSolution
		HideSolutionNode = FALSE
	EndGlobalSection
	GlobalSection(ExtensibilityGlobals) = postSolution
		SolutionGuid = {2DFA1A72-7F6A-479F-84DE-1E51D1F0BE5C}
	EndGlobalSection
EndGlobal
